{
  "originHash" : "6bbf205ebbccef92994b282f2028196c9f93454bfdc5419c7403eefc631bfae4",
  "pins" : [
    {
      "identity" : "swiftydropbox",
      "kind" : "remoteSourceControl",
      "location" : "https://github.com/dropbox/SwiftyDropbox",
      "state" : {
        "revision" : "8e3133d48241e865c7e9de0dc66ac908eb8e02ef",
        "version" : "10.2.0"
      }
    }
  ],
  "version" : 3
}
